// !$*UTF8*$!
{
	archiveVersion = 1;
	classes = {
	};
	objectVersion = 50;
	objects = {

/* Begin PBXBuildFile section */
		CF11FD6626DFD2CC0062A13C /* WeatherCollectionViewCell.swift in Sources */ = {isa = PBXBuildFile; fileRef = CF11FD6426DFD2CC0062A13C /* WeatherCollectionViewCell.swift */; };
		CF11FD6726DFD2CC0062A13C /* WeatherCollectionViewCell.xib in Resources */ = {isa = PBXBuildFile; fileRef = CF11FD6526DFD2CC0062A13C /* WeatherCollectionViewCell.xib */; };
		CF11FD6B26DFD45B0062A13C /* HourlyTableViewCell.swift in Sources */ = {isa = PBXBuildFile; fileRef = CF11FD6926DFD45B0062A13C /* HourlyTableViewCell.swift */; };
		CF11FD6C26DFD45B0062A13C /* HourlyTableViewCell.xib in Resources */ = {isa = PBXBuildFile; fileRef = CF11FD6A26DFD45B0062A13C /* HourlyTableViewCell.xib */; };
		CF1A854126E17110003FBDB9 /* WeatherStructs.swift in Sources */ = {isa = PBXBuildFile; fileRef = CF1A854026E17110003FBDB9 /* WeatherStructs.swift */; };
		CF35B32C271073E7004D5F84 /* ViewController+EmptyUI.swift in Sources */ = {isa = PBXBuildFile; fileRef = CF35B32B271073E7004D5F84 /* ViewController+EmptyUI.swift */; };
		CF50A14326CE958800A1A784 /* AppDelegate.swift in Sources */ = {isa = PBXBuildFile; fileRef = CF50A14226CE958800A1A784 /* AppDelegate.swift */; };
		CF50A14526CE958800A1A784 /* SceneDelegate.swift in Sources */ = {isa = PBXBuildFile; fileRef = CF50A14426CE958800A1A784 /* SceneDelegate.swift */; };
		CF50A14726CE958800A1A784 /* ViewController.swift in Sources */ = {isa = PBXBuildFile; fileRef = CF50A14626CE958800A1A784 /* ViewController.swift */; };
		CF50A14A26CE958800A1A784 /* Main.storyboard in Resources */ = {isa = PBXBuildFile; fileRef = CF50A14826CE958800A1A784 /* Main.storyboard */; };
		CF50A14C26CE958900A1A784 /* Assets.xcassets in Resources */ = {isa = PBXBuildFile; fileRef = CF50A14B26CE958900A1A784 /* Assets.xcassets */; };
		CF50A14F26CE958900A1A784 /* LaunchScreen.storyboard in Resources */ = {isa = PBXBuildFile; fileRef = CF50A14D26CE958900A1A784 /* LaunchScreen.storyboard */; };
		CF9BCDC627106283005A67CF /* ViewController+Header.swift in Sources */ = {isa = PBXBuildFile; fileRef = CF9BCDC527106283005A67CF /* ViewController+Header.swift */; };
		CFA932CD270F605D00A79F89 /* GradientBackground.swift in Sources */ = {isa = PBXBuildFile; fileRef = CFA932CC270F605D00A79F89 /* GradientBackground.swift */; };
		CFB2D22B26CFD398002DB7E7 /* WeatherTableViewCell.swift in Sources */ = {isa = PBXBuildFile; fileRef = CFB2D22926CFD398002DB7E7 /* WeatherTableViewCell.swift */; };
		CFB2D22C26CFD398002DB7E7 /* WeatherTableViewCell.xib in Resources */ = {isa = PBXBuildFile; fileRef = CFB2D22A26CFD398002DB7E7 /* WeatherTableViewCell.xib */; };
		CFBE12FE27105A4700954D98 /* Model.swift in Sources */ = {isa = PBXBuildFile; fileRef = CFBE12FD27105A4700954D98 /* Model.swift */; };
		CFBE130027105C3700954D98 /* ViewController+Location.swift in Sources */ = {isa = PBXBuildFile; fileRef = CFBE12FF27105C3700954D98 /* ViewController+Location.swift */; };
/* End PBXBuildFile section */

/* Begin PBXFileReference section */
		CF11FD6426DFD2CC0062A13C /* WeatherCollectionViewCell.swift */ = {isa = PBXFileReference; lastKnownFileType = sourcecode.swift; path = WeatherCollectionViewCell.swift; sourceTree = "<group>"; };
		CF11FD6526DFD2CC0062A13C /* WeatherCollectionViewCell.xib */ = {isa = PBXFileReference; lastKnownFileType = file.xib; path = WeatherCollectionViewCell.xib; sourceTree = "<group>"; };
		CF11FD6926DFD45B0062A13C /* HourlyTableViewCell.swift */ = {isa = PBXFileReference; lastKnownFileType = sourcecode.swift; path = HourlyTableViewCell.swift; sourceTree = "<group>"; };
		CF11FD6A26DFD45B0062A13C /* HourlyTableViewCell.xib */ = {isa = PBXFileReference; lastKnownFileType = file.xib; path = HourlyTableViewCell.xib; sourceTree = "<group>"; };
		CF1A854026E17110003FBDB9 /* WeatherStructs.swift */ = {isa = PBXFileReference; lastKnownFileType = sourcecode.swift; path = WeatherStructs.swift; sourceTree = "<group>"; };
		CF35B32B271073E7004D5F84 /* ViewController+EmptyUI.swift */ = {isa = PBXFileReference; lastKnownFileType = sourcecode.swift; path = "ViewController+EmptyUI.swift"; sourceTree = "<group>"; };
		CF50A13F26CE958800A1A784 /* Weather.app */ = {isa = PBXFileReference; explicitFileType = wrapper.application; includeInIndex = 0; path = Weather.app; sourceTree = BUILT_PRODUCTS_DIR; };
		CF50A14226CE958800A1A784 /* AppDelegate.swift */ = {isa = PBXFileReference; lastKnownFileType = sourcecode.swift; path = AppDelegate.swift; sourceTree = "<group>"; };
		CF50A14426CE958800A1A784 /* SceneDelegate.swift */ = {isa = PBXFileReference; lastKnownFileType = sourcecode.swift; path = SceneDelegate.swift; sourceTree = "<group>"; };
		CF50A14626CE958800A1A784 /* ViewController.swift */ = {isa = PBXFileReference; lastKnownFileType = sourcecode.swift; path = ViewController.swift; sourceTree = "<group>"; };
		CF50A14926CE958800A1A784 /* Base */ = {isa = PBXFileReference; lastKnownFileType = file.storyboard; name = Base; path = Base.lproj/Main.storyboard; sourceTree = "<group>"; };
		CF50A14B26CE958900A1A784 /* Assets.xcassets */ = {isa = PBXFileReference; lastKnownFileType = folder.assetcatalog; path = Assets.xcassets; sourceTree = "<group>"; };
		CF50A14E26CE958900A1A784 /* Base */ = {isa = PBXFileReference; lastKnownFileType = file.storyboard; name = Base; path = Base.lproj/LaunchScreen.storyboard; sourceTree = "<group>"; };
		CF50A15026CE958900A1A784 /* Info.plist */ = {isa = PBXFileReference; lastKnownFileType = text.plist.xml; path = Info.plist; sourceTree = "<group>"; };
		CF9BCDC527106283005A67CF /* ViewController+Header.swift */ = {isa = PBXFileReference; lastKnownFileType = sourcecode.swift; path = "ViewController+Header.swift"; sourceTree = "<group>"; };
		CF9BCDC7271064A0005A67CF /* Euro Tour.gpx */ = {isa = PBXFileReference; lastKnownFileType = text.xml; path = "Euro Tour.gpx"; sourceTree = "<group>"; };
		CFA932CC270F605D00A79F89 /* GradientBackground.swift */ = {isa = PBXFileReference; lastKnownFileType = sourcecode.swift; path = GradientBackground.swift; sourceTree = "<group>"; };
		CFB2D22926CFD398002DB7E7 /* WeatherTableViewCell.swift */ = {isa = PBXFileReference; lastKnownFileType = sourcecode.swift; path = WeatherTableViewCell.swift; sourceTree = "<group>"; };
		CFB2D22A26CFD398002DB7E7 /* WeatherTableViewCell.xib */ = {isa = PBXFileReference; lastKnownFileType = file.xib; path = WeatherTableViewCell.xib; sourceTree = "<group>"; };
		CFBE12FC2710501900954D98 /* Kyiv Walk.gpx */ = {isa = PBXFileReference; lastKnownFileType = text.xml; path = "Kyiv Walk.gpx"; sourceTree = "<group>"; };
		CFBE12FD27105A4700954D98 /* Model.swift */ = {isa = PBXFileReference; lastKnownFileType = sourcecode.swift; path = Model.swift; sourceTree = "<group>"; };
		CFBE12FF27105C3700954D98 /* ViewController+Location.swift */ = {isa = PBXFileReference; lastKnownFileType = sourcecode.swift; path = "ViewController+Location.swift"; sourceTree = "<group>"; };
		CFE895AE27162A8A00B111FE /* America Tour.gpx */ = {isa = PBXFileReference; lastKnownFileType = text.xml; path = "America Tour.gpx"; sourceTree = "<group>"; };
		CFE895AF2716339000B111FE /* Los Angeles - Dallas - Monterey.gpx */ = {isa = PBXFileReference; lastKnownFileType = text.xml; path = "Los Angeles - Dallas - Monterey.gpx"; sourceTree = "<group>"; };
/* End PBXFileReference section */

/* Begin PBXFrameworksBuildPhase section */
		CF50A13C26CE958800A1A784 /* Frameworks */ = {
			isa = PBXFrameworksBuildPhase;
			buildActionMask = 2147483647;
			files = (
			);
			runOnlyForDeploymentPostprocessing = 0;
		};
/* End PBXFrameworksBuildPhase section */

/* Begin PBXGroup section */
		CF11FD6326DFD2A70062A13C /* CollectionViewCell */ = {
			isa = PBXGroup;
			children = (
				CF11FD6426DFD2CC0062A13C /* WeatherCollectionViewCell.swift */,
				CF11FD6526DFD2CC0062A13C /* WeatherCollectionViewCell.xib */,
			);
			path = CollectionViewCell;
			sourceTree = "<group>";
		};
		CF11FD6826DFD3B80062A13C /* HourlyCollectionCell */ = {
			isa = PBXGroup;
			children = (
				CF11FD6926DFD45B0062A13C /* HourlyTableViewCell.swift */,
				CF11FD6A26DFD45B0062A13C /* HourlyTableViewCell.xib */,
			);
			path = HourlyCollectionCell;
			sourceTree = "<group>";
		};
		CF50A13626CE958800A1A784 = {
			isa = PBXGroup;
			children = (
				CFE895AF2716339000B111FE /* Los Angeles - Dallas - Monterey.gpx */,
				CFE895AE27162A8A00B111FE /* America Tour.gpx */,
				CF50A14126CE958800A1A784 /* Weather */,
				CF50A14026CE958800A1A784 /* Products */,
			);
			sourceTree = "<group>";
		};
		CF50A14026CE958800A1A784 /* Products */ = {
			isa = PBXGroup;
			children = (
				CF50A13F26CE958800A1A784 /* Weather.app */,
			);
			name = Products;
			sourceTree = "<group>";
		};
		CF50A14126CE958800A1A784 /* Weather */ = {
			isa = PBXGroup;
			children = (
				CF11FD6326DFD2A70062A13C /* CollectionViewCell */,
				CF11FD6826DFD3B80062A13C /* HourlyCollectionCell */,
				CFB2D22826CFD35D002DB7E7 /* WeatherCell */,
				CF50A14226CE958800A1A784 /* AppDelegate.swift */,
				CF50A14426CE958800A1A784 /* SceneDelegate.swift */,
				CF1A854026E17110003FBDB9 /* WeatherStructs.swift */,
				CFBE12FD27105A4700954D98 /* Model.swift */,
				CFA932CC270F605D00A79F89 /* GradientBackground.swift */,
				CFBE12FF27105C3700954D98 /* ViewController+Location.swift */,
				CF35B32B271073E7004D5F84 /* ViewController+EmptyUI.swift */,
				CF9BCDC527106283005A67CF /* ViewController+Header.swift */,
				CF50A14626CE958800A1A784 /* ViewController.swift */,
				CF50A14826CE958800A1A784 /* Main.storyboard */,
				CF50A14B26CE958900A1A784 /* Assets.xcassets */,
				CF50A14D26CE958900A1A784 /* LaunchScreen.storyboard */,
				CF50A15026CE958900A1A784 /* Info.plist */,
				CF9BCDC7271064A0005A67CF /* Euro Tour.gpx */,
				CFBE12FC2710501900954D98 /* Kyiv Walk.gpx */,
			);
			path = Weather;
			sourceTree = "<group>";
		};
		CFB2D22826CFD35D002DB7E7 /* WeatherCell */ = {
			isa = PBXGroup;
			children = (
				CFB2D22926CFD398002DB7E7 /* WeatherTableViewCell.swift */,
				CFB2D22A26CFD398002DB7E7 /* WeatherTableViewCell.xib */,
			);
			path = WeatherCell;
			sourceTree = "<group>";
		};
/* End PBXGroup section */

/* Begin PBXNativeTarget section */
		CF50A13E26CE958800A1A784 /* Weather */ = {
			isa = PBXNativeTarget;
			buildConfigurationList = CF50A15326CE958900A1A784 /* Build configuration list for PBXNativeTarget "Weather" */;
			buildPhases = (
				CF50A13B26CE958800A1A784 /* Sources */,
				CF50A13C26CE958800A1A784 /* Frameworks */,
				CF50A13D26CE958800A1A784 /* Resources */,
			);
			buildRules = (
			);
			dependencies = (
			);
			name = Weather;
			productName = Weather;
			productReference = CF50A13F26CE958800A1A784 /* Weather.app */;
			productType = "com.apple.product-type.application";
		};
/* End PBXNativeTarget section */

/* Begin PBXProject section */
		CF50A13726CE958800A1A784 /* Project object */ = {
			isa = PBXProject;
			attributes = {
				LastSwiftUpdateCheck = 1250;
				LastUpgradeCheck = 1250;
				TargetAttributes = {
					CF50A13E26CE958800A1A784 = {
						CreatedOnToolsVersion = 12.5.1;
					};
				};
			};
			buildConfigurationList = CF50A13A26CE958800A1A784 /* Build configuration list for PBXProject "Weather" */;
			compatibilityVersion = "Xcode 9.3";
			developmentRegion = en;
			hasScannedForEncodings = 0;
			knownRegions = (
				en,
				Base,
			);
			mainGroup = CF50A13626CE958800A1A784;
			productRefGroup = CF50A14026CE958800A1A784 /* Products */;
			projectDirPath = "";
			projectRoot = "";
			targets = (
				CF50A13E26CE958800A1A784 /* Weather */,
			);
		};
/* End PBXProject section */

/* Begin PBXResourcesBuildPhase section */
		CF50A13D26CE958800A1A784 /* Resources */ = {
			isa = PBXResourcesBuildPhase;
			buildActionMask = 2147483647;
			files = (
				CF11FD6C26DFD45B0062A13C /* HourlyTableViewCell.xib in Resources */,
				CFB2D22C26CFD398002DB7E7 /* WeatherTableViewCell.xib in Resources */,
				CF50A14F26CE958900A1A784 /* LaunchScreen.storyboard in Resources */,
				CF50A14C26CE958900A1A784 /* Assets.xcassets in Resources */,
				CF50A14A26CE958800A1A784 /* Main.storyboard in Resources */,
				CF11FD6726DFD2CC0062A13C /* WeatherCollectionViewCell.xib in Resources */,
			);
			runOnlyForDeploymentPostprocessing = 0;
		};
/* End PBXResourcesBuildPhase section */

/* Begin PBXSourcesBuildPhase section */
		CF50A13B26CE958800A1A784 /* Sources */ = {
			isa = PBXSourcesBuildPhase;
			buildActionMask = 2147483647;
			files = (
				CFBE12FE27105A4700954D98 /* Model.swift in Sources */,
				CFB2D22B26CFD398002DB7E7 /* WeatherTableViewCell.swift in Sources */,
				CFBE130027105C3700954D98 /* ViewController+Location.swift in Sources */,
				CFA932CD270F605D00A79F89 /* GradientBackground.swift in Sources */,
				CF1A854126E17110003FBDB9 /* WeatherStructs.swift in Sources */,
				CF50A14726CE958800A1A784 /* ViewController.swift in Sources */,
				CF9BCDC627106283005A67CF /* ViewController+Header.swift in Sources */,
				CF11FD6626DFD2CC0062A13C /* WeatherCollectionViewCell.swift in Sources */,
				CF50A14326CE958800A1A784 /* AppDelegate.swift in Sources */,
				CF11FD6B26DFD45B0062A13C /* HourlyTableViewCell.swift in Sources */,
				CF35B32C271073E7004D5F84 /* ViewController+EmptyUI.swift in Sources */,
				CF50A14526CE958800A1A784 /* SceneDelegate.swift in Sources */,
			);
			runOnlyForDeploymentPostprocessing = 0;
		};
/* End PBXSourcesBuildPhase section */

/* Begin PBXVariantGroup section */
		CF50A14826CE958800A1A784 /* Main.storyboard */ = {
			isa = PBXVariantGroup;
			children = (
				CF50A14926CE958800A1A784 /* Base */,
			);
			name = Main.storyboard;
			sourceTree = "<group>";
		};
		CF50A14D26CE958900A1A784 /* LaunchScreen.storyboard */ = {
			isa = PBXVariantGroup;
			children = (
				CF50A14E26CE958900A1A784 /* Base */,
			);
			name = LaunchScreen.storyboard;
			sourceTree = "<group>";
		};
/* End PBXVariantGroup section */

/* Begin XCBuildConfiguration section */
		CF50A15126CE958900A1A784 /* Debug */ = {
			isa = XCBuildConfiguration;
			buildSettings = {
				ALWAYS_SEARCH_USER_PATHS = NO;
				CLANG_ANALYZER_NONNULL = YES;
				CLANG_ANALYZER_NUMBER_OBJECT_CONVERSION = YES_AGGRESSIVE;
				CLANG_CXX_LANGUAGE_STANDARD = "gnu++14";
				CLANG_CXX_LIBRARY = "libc++";
				CLANG_ENABLE_MODULES = YES;
				CLANG_ENABLE_OBJC_ARC = YES;
				CLANG_ENABLE_OBJC_WEAK = YES;
				CLANG_WARN_BLOCK_CAPTURE_AUTORELEASING = YES;
				CLANG_WARN_BOOL_CONVERSION = YES;
				CLANG_WARN_COMMA = YES;
				CLANG_WARN_CONSTANT_CONVERSION = YES;
				CLANG_WARN_DEPRECATED_OBJC_IMPLEMENTATIONS = YES;
				CLANG_WARN_DIRECT_OBJC_ISA_USAGE = YES_ERROR;
				CLANG_WARN_DOCUMENTATION_COMMENTS = YES;
				CLANG_WARN_EMPTY_BODY = YES;
				CLANG_WARN_ENUM_CONVERSION = YES;
				CLANG_WARN_INFINITE_RECURSION = YES;
				CLANG_WARN_INT_CONVERSION = YES;
				CLANG_WARN_NON_LITERAL_NULL_CONVERSION = YES;
				CLANG_WARN_OBJC_IMPLICIT_RETAIN_SELF = YES;
				CLANG_WARN_OBJC_LITERAL_CONVERSION = YES;
				CLANG_WARN_OBJC_ROOT_CLASS = YES_ERROR;
				CLANG_WARN_QUOTED_INCLUDE_IN_FRAMEWORK_HEADER = YES;
				CLANG_WARN_RANGE_LOOP_ANALYSIS = YES;
				CLANG_WARN_STRICT_PROTOTYPES = YES;
				CLANG_WARN_SUSPICIOUS_MOVE = YES;
				CLANG_WARN_UNGUARDED_AVAILABILITY = YES_AGGRESSIVE;
				CLANG_WARN_UNREACHABLE_CODE = YES;
				CLANG_WARN__DUPLICATE_METHOD_MATCH = YES;
				COPY_PHASE_STRIP = NO;
				DEBUG_INFORMATION_FORMAT = dwarf;
				ENABLE_STRICT_OBJC_MSGSEND = YES;
				ENABLE_TESTABILITY = YES;
				GCC_C_LANGUAGE_STANDARD = gnu11;
				GCC_DYNAMIC_NO_PIC = NO;
				GCC_NO_COMMON_BLOCKS = YES;
				GCC_OPTIMIZATION_LEVEL = 0;
				GCC_PREPROCESSOR_DEFINITIONS = (
					"DEBUG=1",
					"$(inherited)",
				);
				GCC_WARN_64_TO_32_BIT_CONVERSION = YES;
				GCC_WARN_ABOUT_RETURN_TYPE = YES_ERROR;
				GCC_WARN_UNDECLARED_SELECTOR = YES;
				GCC_WARN_UNINITIALIZED_AUTOS = YES_AGGRESSIVE;
				GCC_WARN_UNUSED_FUNCTION = YES;
				GCC_WARN_UNUSED_VARIABLE = YES;
				IPHONEOS_DEPLOYMENT_TARGET = 14.5;
				MTL_ENABLE_DEBUG_INFO = INCLUDE_SOURCE;
				MTL_FAST_MATH = YES;
				ONLY_ACTIVE_ARCH = YES;
				SDKROOT = iphoneos;
				SWIFT_ACTIVE_COMPILATION_CONDITIONS = DEBUG;
				SWIFT_OPTIMIZATION_LEVEL = "-Onone";
			};
			name = Debug;
		};
		CF50A15226CE958900A1A784 /* Release */ = {
			isa = XCBuildConfiguration;
			buildSettings = {
				ALWAYS_SEARCH_USER_PATHS = NO;
				CLANG_ANALYZER_NONNULL = YES;
				CLANG_ANALYZER_NUMBER_OBJECT_CONVERSION = YES_AGGRESSIVE;
				CLANG_CXX_LANGUAGE_STANDARD = "gnu++14";
				CLANG_CXX_LIBRARY = "libc++";
				CLANG_ENABLE_MODULES = YES;
				CLANG_ENABLE_OBJC_ARC = YES;
				CLANG_ENABLE_OBJC_WEAK = YES;
				CLANG_WARN_BLOCK_CAPTURE_AUTORELEASING = YES;
				CLANG_WARN_BOOL_CONVERSION = YES;
				CLANG_WARN_COMMA = YES;
				CLANG_WARN_CONSTANT_CONVERSION = YES;
				CLANG_WARN_DEPRECATED_OBJC_IMPLEMENTATIONS = YES;
				CLANG_WARN_DIRECT_OBJC_ISA_USAGE = YES_ERROR;
				CLANG_WARN_DOCUMENTATION_COMMENTS = YES;
				CLANG_WARN_EMPTY_BODY = YES;
				CLANG_WARN_ENUM_CONVERSION = YES;
				CLANG_WARN_INFINITE_RECURSION = YES;
				CLANG_WARN_INT_CONVERSION = YES;
				CLANG_WARN_NON_LITERAL_NULL_CONVERSION = YES;
				CLANG_WARN_OBJC_IMPLICIT_RETAIN_SELF = YES;
				CLANG_WARN_OBJC_LITERAL_CONVERSION = YES;
				CLANG_WARN_OBJC_ROOT_CLASS = YES_ERROR;
				CLANG_WARN_QUOTED_INCLUDE_IN_FRAMEWORK_HEADER = YES;
				CLANG_WARN_RANGE_LOOP_ANALYSIS = YES;
				CLANG_WARN_STRICT_PROTOTYPES = YES;
				CLANG_WARN_SUSPICIOUS_MOVE = YES;
				CLANG_WARN_UNGUARDED_AVAILABILITY = YES_AGGRESSIVE;
				CLANG_WARN_UNREACHABLE_CODE = YES;
				CLANG_WARN__DUPLICATE_METHOD_MATCH = YES;
				COPY_PHASE_STRIP = NO;
				DEBUG_INFORMATION_FORMAT = "dwarf-with-dsym";
				ENABLE_NS_ASSERTIONS = NO;
				ENABLE_STRICT_OBJC_MSGSEND = YES;
				GCC_C_LANGUAGE_STANDARD = gnu11;
				GCC_NO_COMMON_BLOCKS = YES;
				GCC_WARN_64_TO_32_BIT_CONVERSION = YES;
				GCC_WARN_ABOUT_RETURN_TYPE = YES_ERROR;
				GCC_WARN_UNDECLARED_SELECTOR = YES;
				GCC_WARN_UNINITIALIZED_AUTOS = YES_AGGRESSIVE;
				GCC_WARN_UNUSED_FUNCTION = YES;
				GCC_WARN_UNUSED_VARIABLE = YES;
				IPHONEOS_DEPLOYMENT_TARGET = 14.5;
				MTL_ENABLE_DEBUG_INFO = NO;
				MTL_FAST_MATH = YES;
				SDKROOT = iphoneos;
				SWIFT_COMPILATION_MODE = wholemodule;
				SWIFT_OPTIMIZATION_LEVEL = "-O";
				VALIDATE_PRODUCT = YES;
			};
			name = Release;
		};
		CF50A15426CE958900A1A784 /* Debug */ = {
			isa = XCBuildConfiguration;
			buildSettings = {
				ASSETCATALOG_COMPILER_APPICON_NAME = AppIcon;
				ASSETCATALOG_COMPILER_GLOBAL_ACCENT_COLOR_NAME = AccentColor;
				CODE_SIGN_STYLE = Automatic;
				DEVELOPMENT_TEAM = 7ZR6YQA8DL;
				INFOPLIST_FILE = Weather/Info.plist;
				LD_RUNPATH_SEARCH_PATHS = (
					"$(inherited)",
					"@executable_path/Frameworks",
				);
				PRODUCT_BUNDLE_IDENTIFIER = com.overtrip.Weather;
				PRODUCT_NAME = "$(TARGET_NAME)";
				SWIFT_VERSION = 5.0;
				TARGETED_DEVICE_FAMILY = 1;
			};
			name = Debug;
		};
		CF50A15526CE958900A1A784 /* Release */ = {
			isa = XCBuildConfiguration;
			buildSettings = {
				ASSETCATALOG_COMPILER_APPICON_NAME = AppIcon;
				ASSETCATALOG_COMPILER_GLOBAL_ACCENT_COLOR_NAME = AccentColor;
				CODE_SIGN_STYLE = Automatic;
				DEVELOPMENT_TEAM = 7ZR6YQA8DL;
				INFOPLIST_FILE = Weather/Info.plist;
				LD_RUNPATH_SEARCH_PATHS = (
					"$(inherited)",
					"@executable_path/Frameworks",
				);
				PRODUCT_BUNDLE_IDENTIFIER = com.overtrip.Weather;
				PRODUCT_NAME = "$(TARGET_NAME)";
				SWIFT_VERSION = 5.0;
				TARGETED_DEVICE_FAMILY = 1;
			};
			name = Release;
		};
/* End XCBuildConfiguration section */

/* Begin XCConfigurationList section */
		CF50A13A26CE958800A1A784 /* Build configuration list for PBXProject "Weather" */ = {
			isa = XCConfigurationList;
			buildConfigurations = (
				CF50A15126CE958900A1A784 /* Debug */,
				CF50A15226CE958900A1A784 /* Release */,
			);
			defaultConfigurationIsVisible = 0;
			defaultConfigurationName = Release;
		};
		CF50A15326CE958900A1A784 /* Build configuration list for PBXNativeTarget "Weather" */ = {
			isa = XCConfigurationList;
			buildConfigurations = (
				CF50A15426CE958900A1A784 /* Debug */,
				CF50A15526CE958900A1A784 /* Release */,
			);
			defaultConfigurationIsVisible = 0;
			defaultConfigurationName = Release;
		};
/* End XCConfigurationList section */
	};
	rootObject = CF50A13726CE958800A1A784 /* Project object */;
}
